{
  "name": "@akord/akord-js-pubsub-plugin",
  "version": "0.2.2",
  "lockfileVersion": 2,
  "requires": true,
  "packages": {
    "": {
      "name": "@akord/akord-js-pubsub-plugin",
      "version": "0.2.2",
      "license": "MIT",
      "dependencies": {
        "@akord/gql": "0.241.0",
        "@aws-amplify/api": "^6.0.35",
        "@aws-amplify/core": "^6.3.1"
      },
      "devDependencies": {
        "@akord/akord-js": ">=5.6.2"
      },
      "engines": {
        "node": ">=16.0.0"
      },
      "peerDependencies": {
        "@akord/akord-js": ">=5.4.0"
      }
    },
    "../..": {
      "name": "@akord/akord-js",
      "version": "5.6.2",
      "dev": true,
      "license": "MIT",
      "dependencies": {
        "@akord/akord-auth": "0.30.41",
        "@akord/crypto": "0.21.56",
        "@akord/ts-cacheable": "1.0.13",
        "@esm2cjs/p-queue": "^7.3.0",
        "axios": "0.27.2",
        "cross-fetch": "^4.0.0",
        "lodash": "^4.17.21",
        "rxjs": "^7.5.6",
        "uuid": "^8.3.2",
        "web-streams-polyfill": "^3.2.1"
      },
      "devDependencies": {
        "@faker-js/faker": "^6.2.0",
        "@types/jest": "^29.5.5",
        "@types/lodash": "^4.14.202",
        "@types/node": "^17.0.8",
        "@types/streamsaver": "^2.0.1",
        "@types/uuid": "^8.3.4",
        "dotenv": "^16.0.2",
        "jest": "^28.1.1",
        "ts-jest": "^28.0.5",
        "typescript": "4.8.4"
      },
      "engines": {
        "node": ">=16.0.0"
      }
    },
    "node_modules/@akord/akord-js": {
      "resolved": "../..",
      "link": true
    },
    "node_modules/@akord/gql": {
      "version": "0.241.0",
      "resolved": "https://registry.npmjs.org/@akord/gql/-/gql-0.241.0.tgz",
      "integrity": "sha512-+gH9hmxVPOyrSxTcYZ/crWE0+lz6cUDj195KgugSv+XcHsO04xwiuMX0E5QQyLqPt+Uxx/cKYKfTYjNgVTnkNg=="
    },
    "node_modules/@aws-amplify/api": {
      "version": "6.0.35",
      "resolved": "https://registry.npmjs.org/@aws-amplify/api/-/api-6.0.35.tgz",
      "integrity": "sha512-tn6/fXZS2MC1mLRyC7/kPZWLps8mH4ZpaFaPfaTXu9z39Lhbgk+DIWyHEksifMGPKRjwKJSZRa/9L1S/tnvHNA==",
      "dependencies": {
        "@aws-amplify/api-graphql": "4.1.4",
        "@aws-amplify/api-rest": "4.0.33",
        "tslib": "^2.5.0"
      }
    },
    "node_modules/@aws-amplify/api-graphql": {
      "version": "4.1.4",
      "resolved": "https://registry.npmjs.org/@aws-amplify/api-graphql/-/api-graphql-4.1.4.tgz",
      "integrity": "sha512-kZemNvJhFVWjMVgWwereelEvtb+6Ruj16ntCZ6PcgmBVkH2BiH0VamH+t8WkoL8bI2mSYGtmEBhCvVXv9QFlFw==",
      "dependencies": {
        "@aws-amplify/api-rest": "4.0.33",
        "@aws-amplify/core": "6.3.1",
        "@aws-amplify/data-schema": "^1.0.0",
        "@aws-sdk/types": "3.387.0",
        "graphql": "15.8.0",
        "rxjs": "^7.8.1",
        "tslib": "^2.5.0",
        "uuid": "^9.0.0"
      }
    },
    "node_modules/@aws-amplify/api-rest": {
      "version": "4.0.33",
      "resolved": "https://registry.npmjs.org/@aws-amplify/api-rest/-/api-rest-4.0.33.tgz",
      "integrity": "sha512-XJGLB3zzbS8pUcJ2n7szrd2N7DFnEc41GRp5W5Aw/Xzu8x04wDAWad3+FaCWphYZpCwtJ91zfkJFYU2EbEqayQ==",
      "dependencies": {
        "tslib": "^2.5.0"
      },
      "peerDependencies": {
        "@aws-amplify/core": "^6.1.0"
      }
    },
    "node_modules/@aws-amplify/core": {
      "version": "6.3.1",
      "resolved": "https://registry.npmjs.org/@aws-amplify/core/-/core-6.3.1.tgz",
      "integrity": "sha512-w/o2knGLMVmkQPttQ5Ck8RcBolis7jL4JeprgBgfQr0r6FX4+UBzt/AdLTgrKF1JjflKzRU3Bw0vqLHBPT7Z8A==",
      "dependencies": {
        "@aws-crypto/sha256-js": "5.2.0",
        "@aws-sdk/types": "3.398.0",
        "@smithy/util-hex-encoding": "2.0.0",
        "@types/uuid": "^9.0.0",
        "js-cookie": "^3.0.5",
        "rxjs": "^7.8.1",
        "tslib": "^2.5.0",
        "uuid": "^9.0.0"
      }
    },
    "node_modules/@aws-amplify/core/node_modules/@aws-sdk/types": {
      "version": "3.398.0",
      "resolved": "https://registry.npmjs.org/@aws-sdk/types/-/types-3.398.0.tgz",
      "integrity": "sha512-r44fkS+vsEgKCuEuTV+TIk0t0m5ZlXHNjSDYEUvzLStbbfUFiNus/YG4UCa0wOk9R7VuQI67badsvvPeVPCGDQ==",
      "dependencies": {
        "@smithy/types": "^2.2.2",
        "tslib": "^2.5.0"
      },
      "engines": {
        "node": ">=14.0.0"
      }
    },
    "node_modules/@aws-amplify/data-schema": {
      "version": "1.2.8",
      "resolved": "https://registry.npmjs.org/@aws-amplify/data-schema/-/data-schema-1.2.8.tgz",
      "integrity": "sha512-2Tif0TZ0GkVpDJV9BrNjQxbJujLh8N1myDxrA15QlQA1tZ/Yf+h46ZRzK83GfInKf21Lyvz6hjFyuTedBpAI5A==",
      "dependencies": {
        "@aws-amplify/data-schema-types": "*",
        "@types/aws-lambda": "^8.10.134",
        "rxjs": "^7.8.1"
      }
    },
    "node_modules/@aws-amplify/data-schema-types": {
      "version": "1.0.1",
      "resolved": "https://registry.npmjs.org/@aws-amplify/data-schema-types/-/data-schema-types-1.0.1.tgz",
      "integrity": "sha512-+hRNzVuVkhjLl7Oxcse087y/PYKSjCETHE0KnRNYzQy5f/dzYw1sE8ui76bk5TR2O+vs7f8P42Ti90sWOgSzSQ==",
      "dependencies": {
        "graphql": "15.8.0",
        "rxjs": "^7.8.1"
      }
    },
    "node_modules/@aws-crypto/sha256-js": {
      "version": "5.2.0",
      "resolved": "https://registry.npmjs.org/@aws-crypto/sha256-js/-/sha256-js-5.2.0.tgz",
      "integrity": "sha512-FFQQyu7edu4ufvIZ+OadFpHHOt+eSTBaYaki44c+akjg7qZg9oOQeLlk77F6tSYqjDAFClrHJk9tMf0HdVyOvA==",
      "dependencies": {
        "@aws-crypto/util": "^5.2.0",
        "@aws-sdk/types": "^3.222.0",
        "tslib": "^2.6.2"
      },
      "engines": {
        "node": ">=16.0.0"
      }
    },
    "node_modules/@aws-crypto/util": {
      "version": "5.2.0",
      "resolved": "https://registry.npmjs.org/@aws-crypto/util/-/util-5.2.0.tgz",
      "integrity": "sha512-4RkU9EsI6ZpBve5fseQlGNUWKMa1RLPQ1dnjnQoe07ldfIzcsGb5hC5W0Dm7u423KWzawlrpbjXBrXCEv9zazQ==",
      "dependencies": {
        "@aws-sdk/types": "^3.222.0",
        "@smithy/util-utf8": "^2.0.0",
        "tslib": "^2.6.2"
      }
    },
    "node_modules/@aws-sdk/types": {
      "version": "3.387.0",
      "resolved": "https://registry.npmjs.org/@aws-sdk/types/-/types-3.387.0.tgz",
      "integrity": "sha512-YTjFabNwjTF+6yl88f0/tWff018qmmgMmjlw45s6sdVKueWxdxV68U7gepNLF2nhaQPZa6FDOBoA51NaviVs0Q==",
      "dependencies": {
        "@smithy/types": "^2.1.0",
        "tslib": "^2.5.0"
      },
      "engines": {
        "node": ">=14.0.0"
      }
    },
    "node_modules/@smithy/is-array-buffer": {
      "version": "2.2.0",
      "resolved": "https://registry.npmjs.org/@smithy/is-array-buffer/-/is-array-buffer-2.2.0.tgz",
      "integrity": "sha512-GGP3O9QFD24uGeAXYUjwSTXARoqpZykHadOmA8G5vfJPK0/DC67qa//0qvqrJzL1xc8WQWX7/yc7fwudjPHPhA==",
      "dependencies": {
        "tslib": "^2.6.2"
      },
      "engines": {
        "node": ">=14.0.0"
      }
    },
    "node_modules/@smithy/types": {
      "version": "2.12.0",
      "resolved": "https://registry.npmjs.org/@smithy/types/-/types-2.12.0.tgz",
      "integrity": "sha512-QwYgloJ0sVNBeBuBs65cIkTbfzV/Q6ZNPCJ99EICFEdJYG50nGIY/uYXp+TbsdJReIuPr0a0kXmCvren3MbRRw==",
      "dependencies": {
        "tslib": "^2.6.2"
      },
      "engines": {
        "node": ">=14.0.0"
      }
    },
    "node_modules/@smithy/util-buffer-from": {
      "version": "2.2.0",
      "resolved": "https://registry.npmjs.org/@smithy/util-buffer-from/-/util-buffer-from-2.2.0.tgz",
      "integrity": "sha512-IJdWBbTcMQ6DA0gdNhh/BwrLkDR+ADW5Kr1aZmd4k3DIF6ezMV4R2NIAmT08wQJ3yUK82thHWmC/TnK/wpMMIA==",
      "dependencies": {
        "@smithy/is-array-buffer": "^2.2.0",
        "tslib": "^2.6.2"
      },
      "engines": {
        "node": ">=14.0.0"
      }
    },
    "node_modules/@smithy/util-hex-encoding": {
      "version": "2.0.0",
      "resolved": "https://registry.npmjs.org/@smithy/util-hex-encoding/-/util-hex-encoding-2.0.0.tgz",
      "integrity": "sha512-c5xY+NUnFqG6d7HFh1IFfrm3mGl29lC+vF+geHv4ToiuJCBmIfzx6IeHLg+OgRdPFKDXIw6pvi+p3CsscaMcMA==",
      "dependencies": {
        "tslib": "^2.5.0"
      },
      "engines": {
        "node": ">=14.0.0"
      }
    },
    "node_modules/@smithy/util-utf8": {
      "version": "2.3.0",
      "resolved": "https://registry.npmjs.org/@smithy/util-utf8/-/util-utf8-2.3.0.tgz",
      "integrity": "sha512-R8Rdn8Hy72KKcebgLiv8jQcQkXoLMOGGv5uI1/k0l+snqkOzQ1R0ChUBCxWMlBsFMekWjq0wRudIweFs7sKT5A==",
      "dependencies": {
        "@smithy/util-buffer-from": "^2.2.0",
        "tslib": "^2.6.2"
      },
      "engines": {
        "node": ">=14.0.0"
      }
    },
    "node_modules/@types/aws-lambda": {
      "version": "8.10.138",
      "resolved": "https://registry.npmjs.org/@types/aws-lambda/-/aws-lambda-8.10.138.tgz",
      "integrity": "sha512-71EHMl70TPWIAsFuHd85NHq6S6T2OOjiisPTrH7RgcjzpJpPh4RQJv7PvVvIxc6PIp8CLV7F9B+TdjcAES5vcA=="
    },
    "node_modules/@types/uuid": {
      "version": "9.0.8",
      "resolved": "https://registry.npmjs.org/@types/uuid/-/uuid-9.0.8.tgz",
      "integrity": "sha512-jg+97EGIcY9AGHJJRaaPVgetKDsrTgbRjQ5Msgjh/DQKEFl0DtyRr/VCOyD1T2R1MNeWPK/u7JoGhlDZnKBAfA=="
    },
    "node_modules/graphql": {
      "version": "15.8.0",
      "resolved": "https://registry.npmjs.org/graphql/-/graphql-15.8.0.tgz",
      "integrity": "sha512-5gghUc24tP9HRznNpV2+FIoq3xKkj5dTQqf4v0CpdPbFVwFkWoxOM+o+2OC9ZSvjEMTjfmG9QT+gcvggTwW1zw==",
      "engines": {
        "node": ">= 10.x"
      }
    },
    "node_modules/js-cookie": {
      "version": "3.0.5",
      "resolved": "https://registry.npmjs.org/js-cookie/-/js-cookie-3.0.5.tgz",
      "integrity": "sha512-cEiJEAEoIbWfCZYKWhVwFuvPX1gETRYPw6LlaTKoxD3s2AkXzkCjnp6h0V77ozyqj0jakteJ4YqDJT830+lVGw==",
      "engines": {
        "node": ">=14"
      }
    },
    "node_modules/rxjs": {
      "version": "7.8.1",
      "resolved": "https://registry.npmjs.org/rxjs/-/rxjs-7.8.1.tgz",
      "integrity": "sha512-AA3TVj+0A2iuIoQkWEK/tqFjBq2j+6PO6Y0zJcvzLAFhEFIO3HL0vls9hWLncZbAAbK0mar7oZ4V079I/qPMxg==",
      "dependencies": {
        "tslib": "^2.1.0"
      }
    },
    "node_modules/tslib": {
      "version": "2.6.2",
      "resolved": "https://registry.npmjs.org/tslib/-/tslib-2.6.2.tgz",
      "integrity": "sha512-AEYxH93jGFPn/a2iVAwW87VuUIkR1FVUKB77NwMF7nBTDkDrrT/Hpt/IrCJ0QXhW27jTBDcf5ZY7w6RiqTMw2Q=="
    },
    "node_modules/uuid": {
      "version": "9.0.1",
      "resolved": "https://registry.npmjs.org/uuid/-/uuid-9.0.1.tgz",
      "integrity": "sha512-b+1eJOlsR9K8HJpow9Ok3fiWOWSIcIzXodvv0rQjVoOVNpWMpxf1wZNpt4y9h10odCNrqnYp1OBzRktckBe3sA==",
      "funding": [
        "https://github.com/sponsors/broofa",
        "https://github.com/sponsors/ctavan"
      ],
      "bin": {
        "uuid": "dist/bin/uuid"
      }
    }
  },
  "dependencies": {
    "@akord/akord-js": {
      "version": "file:../..",
      "requires": {
        "@akord/akord-auth": "0.30.41",
        "@akord/crypto": "0.21.56",
        "@akord/ts-cacheable": "1.0.13",
        "@esm2cjs/p-queue": "^7.3.0",
        "@faker-js/faker": "^6.2.0",
        "@types/jest": "^29.5.5",
        "@types/lodash": "^4.14.202",
        "@types/node": "^17.0.8",
        "@types/streamsaver": "^2.0.1",
        "@types/uuid": "^8.3.4",
        "axios": "0.27.2",
        "cross-fetch": "^4.0.0",
        "dotenv": "^16.0.2",
        "jest": "^28.1.1",
        "lodash": "^4.17.21",
        "rxjs": "^7.5.6",
        "ts-jest": "^28.0.5",
        "typescript": "4.8.4",
        "uuid": "^8.3.2",
        "web-streams-polyfill": "^3.2.1"
      }
    },
    "@akord/gql": {
      "version": "0.241.0",
      "resolved": "https://registry.npmjs.org/@akord/gql/-/gql-0.241.0.tgz",
      "integrity": "sha512-+gH9hmxVPOyrSxTcYZ/crWE0+lz6cUDj195KgugSv+XcHsO04xwiuMX0E5QQyLqPt+Uxx/cKYKfTYjNgVTnkNg=="
    },
    "@aws-amplify/api": {
      "version": "6.0.35",
      "resolved": "https://registry.npmjs.org/@aws-amplify/api/-/api-6.0.35.tgz",
      "integrity": "sha512-tn6/fXZS2MC1mLRyC7/kPZWLps8mH4ZpaFaPfaTXu9z39Lhbgk+DIWyHEksifMGPKRjwKJSZRa/9L1S/tnvHNA==",
      "requires": {
        "@aws-amplify/api-graphql": "4.1.4",
        "@aws-amplify/api-rest": "4.0.33",
        "tslib": "^2.5.0"
      }
    },
    "@aws-amplify/api-graphql": {
      "version": "4.1.4",
      "resolved": "https://registry.npmjs.org/@aws-amplify/api-graphql/-/api-graphql-4.1.4.tgz",
      "integrity": "sha512-kZemNvJhFVWjMVgWwereelEvtb+6Ruj16ntCZ6PcgmBVkH2BiH0VamH+t8WkoL8bI2mSYGtmEBhCvVXv9QFlFw==",
      "requires": {
        "@aws-amplify/api-rest": "4.0.33",
        "@aws-amplify/core": "6.3.1",
        "@aws-amplify/data-schema": "^1.0.0",
        "@aws-sdk/types": "3.387.0",
        "graphql": "15.8.0",
        "rxjs": "^7.8.1",
        "tslib": "^2.5.0",
        "uuid": "^9.0.0"
      }
    },
    "@aws-amplify/api-rest": {
      "version": "4.0.33",
      "resolved": "https://registry.npmjs.org/@aws-amplify/api-rest/-/api-rest-4.0.33.tgz",
      "integrity": "sha512-XJGLB3zzbS8pUcJ2n7szrd2N7DFnEc41GRp5W5Aw/Xzu8x04wDAWad3+FaCWphYZpCwtJ91zfkJFYU2EbEqayQ==",
      "requires": {
        "tslib": "^2.5.0"
      }
    },
    "@aws-amplify/core": {
      "version": "6.3.1",
      "resolved": "https://registry.npmjs.org/@aws-amplify/core/-/core-6.3.1.tgz",
      "integrity": "sha512-w/o2knGLMVmkQPttQ5Ck8RcBolis7jL4JeprgBgfQr0r6FX4+UBzt/AdLTgrKF1JjflKzRU3Bw0vqLHBPT7Z8A==",
      "requires": {
        "@aws-crypto/sha256-js": "5.2.0",
        "@aws-sdk/types": "3.398.0",
        "@smithy/util-hex-encoding": "2.0.0",
        "@types/uuid": "^9.0.0",
        "js-cookie": "^3.0.5",
        "rxjs": "^7.8.1",
        "tslib": "^2.5.0",
        "uuid": "^9.0.0"
      },
      "dependencies": {
        "@aws-sdk/types": {
          "version": "3.398.0",
          "resolved": "https://registry.npmjs.org/@aws-sdk/types/-/types-3.398.0.tgz",
          "integrity": "sha512-r44fkS+vsEgKCuEuTV+TIk0t0m5ZlXHNjSDYEUvzLStbbfUFiNus/YG4UCa0wOk9R7VuQI67badsvvPeVPCGDQ==",
          "requires": {
            "@smithy/types": "^2.2.2",
            "tslib": "^2.5.0"
          }
        }
      }
    },
    "@aws-amplify/data-schema": {
      "version": "1.2.8",
      "resolved": "https://registry.npmjs.org/@aws-amplify/data-schema/-/data-schema-1.2.8.tgz",
      "integrity": "sha512-2Tif0TZ0GkVpDJV9BrNjQxbJujLh8N1myDxrA15QlQA1tZ/Yf+h46ZRzK83GfInKf21Lyvz6hjFyuTedBpAI5A==",
      "requires": {
        "@aws-amplify/data-schema-types": "*",
        "@types/aws-lambda": "^8.10.134",
        "rxjs": "^7.8.1"
      }
    },
    "@aws-amplify/data-schema-types": {
      "version": "1.0.1",
      "resolved": "https://registry.npmjs.org/@aws-amplify/data-schema-types/-/data-schema-types-1.0.1.tgz",
      "integrity": "sha512-+hRNzVuVkhjLl7Oxcse087y/PYKSjCETHE0KnRNYzQy5f/dzYw1sE8ui76bk5TR2O+vs7f8P42Ti90sWOgSzSQ==",
      "requires": {
        "graphql": "15.8.0",
        "rxjs": "^7.8.1"
      }
    },
    "@aws-crypto/sha256-js": {
      "version": "5.2.0",
      "resolved": "https://registry.npmjs.org/@aws-crypto/sha256-js/-/sha256-js-5.2.0.tgz",
      "integrity": "sha512-FFQQyu7edu4ufvIZ+OadFpHHOt+eSTBaYaki44c+akjg7qZg9oOQeLlk77F6tSYqjDAFClrHJk9tMf0HdVyOvA==",
      "requires": {
        "@aws-crypto/util": "^5.2.0",
        "@aws-sdk/types": "^3.222.0",
        "tslib": "^2.6.2"
      }
    },
    "@aws-crypto/util": {
      "version": "5.2.0",
      "resolved": "https://registry.npmjs.org/@aws-crypto/util/-/util-5.2.0.tgz",
      "integrity": "sha512-4RkU9EsI6ZpBve5fseQlGNUWKMa1RLPQ1dnjnQoe07ldfIzcsGb5hC5W0Dm7u423KWzawlrpbjXBrXCEv9zazQ==",
      "requires": {
        "@aws-sdk/types": "^3.222.0",
        "@smithy/util-utf8": "^2.0.0",
        "tslib": "^2.6.2"
      }
    },
    "@aws-sdk/types": {
      "version": "3.387.0",
      "resolved": "https://registry.npmjs.org/@aws-sdk/types/-/types-3.387.0.tgz",
      "integrity": "sha512-YTjFabNwjTF+6yl88f0/tWff018qmmgMmjlw45s6sdVKueWxdxV68U7gepNLF2nhaQPZa6FDOBoA51NaviVs0Q==",
      "requires": {
        "@smithy/types": "^2.1.0",
        "tslib": "^2.5.0"
      }
    },
    "@smithy/is-array-buffer": {
      "version": "2.2.0",
      "resolved": "https://registry.npmjs.org/@smithy/is-array-buffer/-/is-array-buffer-2.2.0.tgz",
      "integrity": "sha512-GGP3O9QFD24uGeAXYUjwSTXARoqpZykHadOmA8G5vfJPK0/DC67qa//0qvqrJzL1xc8WQWX7/yc7fwudjPHPhA==",
      "requires": {
        "tslib": "^2.6.2"
      }
    },
    "@smithy/types": {
      "version": "2.12.0",
      "resolved": "https://registry.npmjs.org/@smithy/types/-/types-2.12.0.tgz",
      "integrity": "sha512-QwYgloJ0sVNBeBuBs65cIkTbfzV/Q6ZNPCJ99EICFEdJYG50nGIY/uYXp+TbsdJReIuPr0a0kXmCvren3MbRRw==",
      "requires": {
        "tslib": "^2.6.2"
      }
    },
    "@smithy/util-buffer-from": {
      "version": "2.2.0",
      "resolved": "https://registry.npmjs.org/@smithy/util-buffer-from/-/util-buffer-from-2.2.0.tgz",
      "integrity": "sha512-IJdWBbTcMQ6DA0gdNhh/BwrLkDR+ADW5Kr1aZmd4k3DIF6ezMV4R2NIAmT08wQJ3yUK82thHWmC/TnK/wpMMIA==",
      "requires": {
        "@smithy/is-array-buffer": "^2.2.0",
        "tslib": "^2.6.2"
      }
    },
    "@smithy/util-hex-encoding": {
      "version": "2.0.0",
      "resolved": "https://registry.npmjs.org/@smithy/util-hex-encoding/-/util-hex-encoding-2.0.0.tgz",
      "integrity": "sha512-c5xY+NUnFqG6d7HFh1IFfrm3mGl29lC+vF+geHv4ToiuJCBmIfzx6IeHLg+OgRdPFKDXIw6pvi+p3CsscaMcMA==",
      "requires": {
        "tslib": "^2.5.0"
      }
    },
    "@smithy/util-utf8": {
      "version": "2.3.0",
      "resolved": "https://registry.npmjs.org/@smithy/util-utf8/-/util-utf8-2.3.0.tgz",
      "integrity": "sha512-R8Rdn8Hy72KKcebgLiv8jQcQkXoLMOGGv5uI1/k0l+snqkOzQ1R0ChUBCxWMlBsFMekWjq0wRudIweFs7sKT5A==",
      "requires": {
        "@smithy/util-buffer-from": "^2.2.0",
        "tslib": "^2.6.2"
      }
    },
    "@types/aws-lambda": {
      "version": "8.10.138",
      "resolved": "https://registry.npmjs.org/@types/aws-lambda/-/aws-lambda-8.10.138.tgz",
      "integrity": "sha512-71EHMl70TPWIAsFuHd85NHq6S6T2OOjiisPTrH7RgcjzpJpPh4RQJv7PvVvIxc6PIp8CLV7F9B+TdjcAES5vcA=="
    },
    "@types/uuid": {
      "version": "9.0.8",
      "resolved": "https://registry.npmjs.org/@types/uuid/-/uuid-9.0.8.tgz",
      "integrity": "sha512-jg+97EGIcY9AGHJJRaaPVgetKDsrTgbRjQ5Msgjh/DQKEFl0DtyRr/VCOyD1T2R1MNeWPK/u7JoGhlDZnKBAfA=="
    },
    "graphql": {
      "version": "15.8.0",
      "resolved": "https://registry.npmjs.org/graphql/-/graphql-15.8.0.tgz",
      "integrity": "sha512-5gghUc24tP9HRznNpV2+FIoq3xKkj5dTQqf4v0CpdPbFVwFkWoxOM+o+2OC9ZSvjEMTjfmG9QT+gcvggTwW1zw=="
    },
    "js-cookie": {
      "version": "3.0.5",
      "resolved": "https://registry.npmjs.org/js-cookie/-/js-cookie-3.0.5.tgz",
      "integrity": "sha512-cEiJEAEoIbWfCZYKWhVwFuvPX1gETRYPw6LlaTKoxD3s2AkXzkCjnp6h0V77ozyqj0jakteJ4YqDJT830+lVGw=="
    },
    "rxjs": {
      "version": "7.8.1",
      "resolved": "https://registry.npmjs.org/rxjs/-/rxjs-7.8.1.tgz",
      "integrity": "sha512-AA3TVj+0A2iuIoQkWEK/tqFjBq2j+6PO6Y0zJcvzLAFhEFIO3HL0vls9hWLncZbAAbK0mar7oZ4V079I/qPMxg==",
      "requires": {
        "tslib": "^2.1.0"
      }
    },
    "tslib": {
      "version": "2.6.2",
      "resolved": "https://registry.npmjs.org/tslib/-/tslib-2.6.2.tgz",
      "integrity": "sha512-AEYxH93jGFPn/a2iVAwW87VuUIkR1FVUKB77NwMF7nBTDkDrrT/Hpt/IrCJ0QXhW27jTBDcf5ZY7w6RiqTMw2Q=="
    },
    "uuid": {
      "version": "9.0.1",
      "resolved": "https://registry.npmjs.org/uuid/-/uuid-9.0.1.tgz",
      "integrity": "sha512-b+1eJOlsR9K8HJpow9Ok3fiWOWSIcIzXodvv0rQjVoOVNpWMpxf1wZNpt4y9h10odCNrqnYp1OBzRktckBe3sA=="
    }
  }
}
